
Microsoft Visual Studio Solution File, Format Version 12.00
# Visual Studio 15
VisualStudioVersion = 15.0.27130.2010
MinimumVisualStudioVersion = 10.0.40219.1
Project("{FAE04EC0-301F-11D3-BF4B-00C04F79EFBC}") = "Soft.Ui", "Soft.Ui\Soft.Ui.csproj", "{B4DF41EF-8220-412E-BF41-DE97BC3DB538}"
EndProject
Project("{FAE04EC0-301F-11D3-BF4B-00C04F79EFBC}") = "Soft.DataAccess", "Soft.DataAccess\Soft.DataAccess.csproj", "{3CB29FF4-4E07-45BD-829C-F7A9201D2D62}"
EndProject
Project("{FAE04EC0-301F-11D3-BF4B-00C04F79EFBC}") = "Soft.Model", "Soft.Model\Soft.Model.csproj", "{6FC0F12D-5705-42FE-943D-3BD8355D7A4C}"
EndProject
Project("{FAE04EC0-301F-11D3-BF4B-00C04F79EFBC}") = "Soft.Ui.Tests", "Soft.Ui.Tests\Soft.Ui.Tests.csproj", "{3A2F76EA-D582-4E14-8B1B-70CAEB8DB356}"
EndProject
Project("{FAE04EC0-301F-11D3-BF4B-00C04F79EFBC}") = "Soft.DataAccess.Tests", "Soft.DataAccess.Tests\Soft.DataAccess.Tests.csproj", "{639CC193-890B-428C-B702-0EEF63123FAC}"
EndProject
Project("{FAE04EC0-301F-11D3-BF4B-00C04F79EFBC}") = "Soft.Model.Tests", "Soft.Model.Tests\Soft.Model.Tests.csproj", "{A05DCD28-303E-46ED-B8D7-4E470A7F7BFC}"
EndProject
Global
	GlobalSection(SolutionConfigurationPlatforms) = preSolution
		Debug|Any CPU = Debug|Any CPU
		Release|Any CPU = Release|Any CPU
	EndGlobalSection
	GlobalSection(ProjectConfigurationPlatforms) = postSolution
		{B4DF41EF-8220-412E-BF41-DE97BC3DB538}.Debug|Any CPU.ActiveCfg = Debug|Any CPU
		{B4DF41EF-8220-412E-BF41-DE97BC3DB538}.Debug|Any CPU.Build.0 = Debug|Any CPU
		{B4DF41EF-8220-412E-BF41-DE97BC3DB538}.Release|Any CPU.ActiveCfg = Release|Any CPU
		{B4DF41EF-8220-412E-BF41-DE97BC3DB538}.Release|Any CPU.Build.0 = Release|Any CPU
		{3CB29FF4-4E07-45BD-829C-F7A9201D2D62}.Debug|Any CPU.ActiveCfg = Debug|Any CPU
		{3CB29FF4-4E07-45BD-829C-F7A9201D2D62}.Debug|Any CPU.Build.0 = Debug|Any CPU
		{3CB29FF4-4E07-45BD-829C-F7A9201D2D62}.Release|Any CPU.ActiveCfg = Release|Any CPU
		{3CB29FF4-4E07-45BD-829C-F7A9201D2D62}.Release|Any CPU.Build.0 = Release|Any CPU
		{6FC0F12D-5705-42FE-943D-3BD8355D7A4C}.Debug|Any CPU.ActiveCfg = Debug|Any CPU
		{6FC0F12D-5705-42FE-943D-3BD8355D7A4C}.Debug|Any CPU.Build.0 = Debug|Any CPU
		{6FC0F12D-5705-42FE-943D-3BD8355D7A4C}.Release|Any CPU.ActiveCfg = Release|Any CPU
		{6FC0F12D-5705-42FE-943D-3BD8355D7A4C}.Release|Any CPU.Build.0 = Release|Any CPU
		{3A2F76EA-D582-4E14-8B1B-70CAEB8DB356}.Debug|Any CPU.ActiveCfg = Debug|Any CPU
		{3A2F76EA-D582-4E14-8B1B-70CAEB8DB356}.Debug|Any CPU.Build.0 = Debug|Any CPU
		{3A2F76EA-D582-4E14-8B1B-70CAEB8DB356}.Release|Any CPU.ActiveCfg = Release|Any CPU
		{3A2F76EA-D582-4E14-8B1B-70CAEB8DB356}.Release|Any CPU.Build.0 = Release|Any CPU
		{639CC193-890B-428C-B702-0EEF63123FAC}.Debug|Any CPU.ActiveCfg = Debug|Any CPU
		{639CC193-890B-428C-B702-0EEF63123FAC}.Debug|Any CPU.Build.0 = Debug|Any CPU
		{639CC193-890B-428C-B702-0EEF63123FAC}.Release|Any CPU.ActiveCfg = Release|Any CPU
		{639CC193-890B-428C-B702-0EEF63123FAC}.Release|Any CPU.Build.0 = Release|Any CPU
		{A05DCD28-303E-46ED-B8D7-4E470A7F7BFC}.Debug|Any CPU.ActiveCfg = Debug|Any CPU
		{A05DCD28-303E-46ED-B8D7-4E470A7F7BFC}.Debug|Any CPU.Build.0 = Debug|Any CPU
		{A05DCD28-303E-46ED-B8D7-4E470A7F7BFC}.Release|Any CPU.ActiveCfg = Release|Any CPU
		{A05DCD28-303E-46ED-B8D7-4E470A7F7BFC}.Release|Any CPU.Build.0 = Release|Any CPU
	EndGlobalSection
	GlobalSection(SolutionProperties) = preSolution
		HideSolutionNode = FALSE
	EndGlobalSection
	GlobalSection(ExtensibilityGlobals) = postSolution
		SolutionGuid = {3FE7DFFE-DEDC-4163-8C0F-4E11EADFCA36}
	EndGlobalSection
EndGlobal
